
Microsoft Visual Studio Solution File, Format Version 12.00
# Visual Studio Version 17
VisualStudioVersion = 17.5.33516.290
MinimumVisualStudioVersion = 10.0.40219.1
Project("{FAE04EC0-301F-11D3-BF4B-00C04F79EFBC}") = "SampleDockerWebApi", "SampleDockerWebApi.csproj", "{FCD8773E-4EDD-4DE0-8613-74AC7FB07C82}"
EndProject
Global
	GlobalSection(SolutionConfigurationPlatforms) = preSolution
		Debug|Any CPU = Debug|Any CPU
		Release|Any CPU = Release|Any CPU
	EndGlobalSection
	GlobalSection(ProjectConfigurationPlatforms) = postSolution
		{FCD8773E-4EDD-4DE0-8613-74AC7FB07C82}.Debug|Any CPU.ActiveCfg = Debug|Any CPU
		{FCD8773E-4EDD-4DE0-8613-74AC7FB07C82}.Debug|Any CPU.Build.0 = Debug|Any CPU
		{FCD8773E-4EDD-4DE0-8613-74AC7FB07C82}.Release|Any CPU.ActiveCfg = Release|Any CPU
		{FCD8773E-4EDD-4DE0-8613-74AC7FB07C82}.Release|Any CPU.Build.0 = Release|Any CPU
	EndGlobalSection
	GlobalSection(SolutionProperties) = preSolution
		HideSolutionNode = FALSE
	EndGlobalSection
	GlobalSection(ExtensibilityGlobals) = postSolution
		SolutionGuid = {28160075-0BE3-4554-9A4C-70B09752037F}
	EndGlobalSection
EndGlobal
