
Microsoft Visual Studio Solution File, Format Version 12.00
# Visual Studio Version 17
VisualStudioVersion = 17.5.33516.290
MinimumVisualStudioVersion = 10.0.40219.1
Project("{FAE04EC0-301F-11D3-BF4B-00C04F79EFBC}") = "MoviesAPI", "MoviesAPI.csproj", "{F6C8CCB2-D38C-438C-BB02-E5ED65CC6D2F}"
EndProject
Global
	GlobalSection(SolutionConfigurationPlatforms) = preSolution
		Debug|Any CPU = Debug|Any CPU
		Release|Any CPU = Release|Any CPU
	EndGlobalSection
	GlobalSection(ProjectConfigurationPlatforms) = postSolution
		{F6C8CCB2-D38C-438C-BB02-E5ED65CC6D2F}.Debug|Any CPU.ActiveCfg = Debug|Any CPU
		{F6C8CCB2-D38C-438C-BB02-E5ED65CC6D2F}.Debug|Any CPU.Build.0 = Debug|Any CPU
		{F6C8CCB2-D38C-438C-BB02-E5ED65CC6D2F}.Release|Any CPU.ActiveCfg = Release|Any CPU
		{F6C8CCB2-D38C-438C-BB02-E5ED65CC6D2F}.Release|Any CPU.Build.0 = Release|Any CPU
	EndGlobalSection
	GlobalSection(SolutionProperties) = preSolution
		HideSolutionNode = FALSE
	EndGlobalSection
	GlobalSection(ExtensibilityGlobals) = postSolution
		SolutionGuid = {146C3B36-2CE2-414C-AF1B-966CC7012939}
	EndGlobalSection
EndGlobal
