
Microsoft Visual Studio Solution File, Format Version 12.00
# Visual Studio Version 17
VisualStudioVersion = 17.5.33516.290
MinimumVisualStudioVersion = 10.0.40219.1
Project("{FAE04EC0-301F-11D3-BF4B-00C04F79EFBC}") = "SampleMVCApp", "SampleMVCApp\SampleMVCApp.csproj", "{1D2C9605-2D88-439E-B194-09DA003B139B}"
EndProject
Project("{FAE04EC0-301F-11D3-BF4B-00C04F79EFBC}") = "SampleWebApiApp", "SampleWebApiApp\SampleWebApiApp.csproj", "{2CBC5430-E295-4AC7-AF2E-0F7B1E516068}"
EndProject
Global
	GlobalSection(SolutionConfigurationPlatforms) = preSolution
		Debug|Any CPU = Debug|Any CPU
		Release|Any CPU = Release|Any CPU
	EndGlobalSection
	GlobalSection(ProjectConfigurationPlatforms) = postSolution
		{1D2C9605-2D88-439E-B194-09DA003B139B}.Debug|Any CPU.ActiveCfg = Debug|Any CPU
		{1D2C9605-2D88-439E-B194-09DA003B139B}.Debug|Any CPU.Build.0 = Debug|Any CPU
		{1D2C9605-2D88-439E-B194-09DA003B139B}.Release|Any CPU.ActiveCfg = Release|Any CPU
		{1D2C9605-2D88-439E-B194-09DA003B139B}.Release|Any CPU.Build.0 = Release|Any CPU
		{2CBC5430-E295-4AC7-AF2E-0F7B1E516068}.Debug|Any CPU.ActiveCfg = Debug|Any CPU
		{2CBC5430-E295-4AC7-AF2E-0F7B1E516068}.Debug|Any CPU.Build.0 = Debug|Any CPU
		{2CBC5430-E295-4AC7-AF2E-0F7B1E516068}.Release|Any CPU.ActiveCfg = Release|Any CPU
		{2CBC5430-E295-4AC7-AF2E-0F7B1E516068}.Release|Any CPU.Build.0 = Release|Any CPU
	EndGlobalSection
	GlobalSection(SolutionProperties) = preSolution
		HideSolutionNode = FALSE
	EndGlobalSection
	GlobalSection(ExtensibilityGlobals) = postSolution
		SolutionGuid = {682E96D0-B10A-47C4-A281-F84756823FBF}
	EndGlobalSection
EndGlobal
