
Microsoft Visual Studio Solution File, Format Version 12.00
# Visual Studio Version 17
VisualStudioVersion = 17.5.33516.290
MinimumVisualStudioVersion = 10.0.40219.1
Project("{FAE04EC0-301F-11D3-BF4B-00C04F79EFBC}") = "CartsAPI", "CartsAPI.csproj", "{731D67E2-80CE-4079-9053-4D585FB0F09F}"
EndProject
Global
	GlobalSection(SolutionConfigurationPlatforms) = preSolution
		Debug|Any CPU = Debug|Any CPU
		Release|Any CPU = Release|Any CPU
	EndGlobalSection
	GlobalSection(ProjectConfigurationPlatforms) = postSolution
		{731D67E2-80CE-4079-9053-4D585FB0F09F}.Debug|Any CPU.ActiveCfg = Debug|Any CPU
		{731D67E2-80CE-4079-9053-4D585FB0F09F}.Debug|Any CPU.Build.0 = Debug|Any CPU
		{731D67E2-80CE-4079-9053-4D585FB0F09F}.Release|Any CPU.ActiveCfg = Release|Any CPU
		{731D67E2-80CE-4079-9053-4D585FB0F09F}.Release|Any CPU.Build.0 = Release|Any CPU
	EndGlobalSection
	GlobalSection(SolutionProperties) = preSolution
		HideSolutionNode = FALSE
	EndGlobalSection
	GlobalSection(ExtensibilityGlobals) = postSolution
		SolutionGuid = {8C47D04A-1DE2-462B-A2C1-E0CD14D2C430}
	EndGlobalSection
EndGlobal
